
Microsoft Visual Studio Solution File, Format Version 12.00
# Visual Studio Version 17
VisualStudioVersion = 17.8.34309.116
MinimumVisualStudioVersion = 10.0.40219.1
Project("{FAE04EC0-301F-11D3-BF4B-00C04F79EFBC}") = "DotNetLab12", "DotNetLab12.csproj", "{65B793F9-0FA9-48F5-9CB5-BC3475DD061A}"
EndProject
Global
	GlobalSection(SolutionConfigurationPlatforms) = preSolution
		Debug|Any CPU = Debug|Any CPU
		Release|Any CPU = Release|Any CPU
	EndGlobalSection
	GlobalSection(ProjectConfigurationPlatforms) = postSolution
		{65B793F9-0FA9-48F5-9CB5-BC3475DD061A}.Debug|Any CPU.ActiveCfg = Debug|Any CPU
		{65B793F9-0FA9-48F5-9CB5-BC3475DD061A}.Debug|Any CPU.Build.0 = Debug|Any CPU
		{65B793F9-0FA9-48F5-9CB5-BC3475DD061A}.Release|Any CPU.ActiveCfg = Release|Any CPU
		{65B793F9-0FA9-48F5-9CB5-BC3475DD061A}.Release|Any CPU.Build.0 = Release|Any CPU
	EndGlobalSection
	GlobalSection(SolutionProperties) = preSolution
		HideSolutionNode = FALSE
	EndGlobalSection
	GlobalSection(ExtensibilityGlobals) = postSolution
		SolutionGuid = {6D4A6C4A-8A9A-4F64-ADA4-B84DA8B7B06A}
	EndGlobalSection
EndGlobal
